// !$*UTF8*$!
{
	archiveVersion = 1;
	classes = {
	};
	objectVersion = 46;
	objects = {

/* Begin PBXBuildFile section */
		4E998FAA1BE3929E007646E7 /* main.cpp in Sources */ = {isa = PBXBuildFile; fileRef = 4E998FA91BE3929E007646E7 /* main.cpp */; };
		4ECA77B71BF6562100C7F1D4 /* notMain.c in Sources */ = {isa = PBXBuildFile; fileRef = 4ECA77B51BF6562100C7F1D4 /* notMain.c */; settings = {ASSET_TAGS = (); }; };
/* End PBXBuildFile section */

/* Begin PBXCopyFilesBuildPhase section */
		4E998FA41BE3929E007646E7 /* CopyFiles */ = {
			isa = PBXCopyFilesBuildPhase;
			buildActionMask = 2147483647;
			dstPath = /usr/share/man/man1/;
			dstSubfolderSpec = 0;
			files = (
			);
			runOnlyForDeploymentPostprocessing = 1;
		};
/* End PBXCopyFilesBuildPhase section */

/* Begin PBXFileReference section */
		4E998FA61BE3929E007646E7 /* courseworkFour */ = {isa = PBXFileReference; explicitFileType = "compiled.mach-o.executable"; includeInIndex = 0; path = courseworkFour; sourceTree = BUILT_PRODUCTS_DIR; };
		4E998FA91BE3929E007646E7 /* main.cpp */ = {isa = PBXFileReference; lastKnownFileType = sourcecode.cpp.cpp; path = main.cpp; sourceTree = "<group>"; };
		4ECA77B51BF6562100C7F1D4 /* notMain.c */ = {isa = PBXFileReference; fileEncoding = 4; lastKnownFileType = sourcecode.c.c; path = notMain.c; sourceTree = "<group>"; };
		4ECA77B61BF6562100C7F1D4 /* notMain.h */ = {isa = PBXFileReference; fileEncoding = 4; lastKnownFileType = sourcecode.c.h; path = notMain.h; sourceTree = "<group>"; };
/* End PBXFileReference section */

/* Begin PBXFrameworksBuildPhase section */
		4E998FA31BE3929E007646E7 /* Frameworks */ = {
			isa = PBXFrameworksBuildPhase;
			buildActionMask = 2147483647;
			files = (
			);
			runOnlyForDeploymentPostprocessing = 0;
		};
/* End PBXFrameworksBuildPhase section */

/* Begin PBXGroup section */
		4E998F9D1BE3929E007646E7 = {
			isa = PBXGroup;
			children = (
				4E998FA81BE3929E007646E7 /* courseworkFour */,
				4E998FA71BE3929E007646E7 /* Products */,
			);
			sourceTree = "<group>";
		};
		4E998FA71BE3929E007646E7 /* Products */ = {
			isa = PBXGroup;
			children = (
				4E998FA61BE3929E007646E7 /* courseworkFour */,
			);
			name = Products;
			sourceTree = "<group>";
		};
		4E998FA81BE3929E007646E7 /* courseworkFour */ = {
			isa = PBXGroup;
			children = (
				4E998FA91BE3929E007646E7 /* main.cpp */,
				4ECA77B51BF6562100C7F1D4 /* notMain.c */,
				4ECA77B61BF6562100C7F1D4 /* notMain.h */,
			);
			path = courseworkFour;
			sourceTree = "<group>";
		};
/* End PBXGroup section */

/* Begin PBXNativeTarget section */
		4E998FA51BE3929E007646E7 /* courseworkFour */ = {
			isa = PBXNativeTarget;
			buildConfigurationList = 4E998FAD1BE3929E007646E7 /* Build configuration list for PBXNativeTarget "courseworkFour" */;
			buildPhases = (
				4E998FA21BE3929E007646E7 /* Sources */,
				4E998FA31BE3929E007646E7 /* Frameworks */,
				4E998FA41BE3929E007646E7 /* CopyFiles */,
			);
			buildRules = (
			);
			dependencies = (
			);
			name = courseworkFour;
			productName = courseworkFour;
			productReference = 4E998FA61BE3929E007646E7 /* courseworkFour */;
			productType = "com.apple.product-type.tool";
		};
/* End PBXNativeTarget section */

/* Begin PBXProject section */
		4E998F9E1BE3929E007646E7 /* Project object */ = {
			isa = PBXProject;
			attributes = {
				LastUpgradeCheck = 0700;
				ORGANIZATIONNAME = "Liu Empire";
				TargetAttributes = {
					4E998FA51BE3929E007646E7 = {
						CreatedOnToolsVersion = 7.0.1;
					};
				};
			};
			buildConfigurationList = 4E998FA11BE3929E007646E7 /* Build configuration list for PBXProject "courseworkFour" */;
			compatibilityVersion = "Xcode 3.2";
			developmentRegion = English;
			hasScannedForEncodings = 0;
			knownRegions = (
				en,
			);
			mainGroup = 4E998F9D1BE3929E007646E7;
			productRefGroup = 4E998FA71BE3929E007646E7 /* Products */;
			projectDirPath = "";
			projectRoot = "";
			targets = (
				4E998FA51BE3929E007646E7 /* courseworkFour */,
			);
		};
/* End PBXProject section */

/* Begin PBXSourcesBuildPhase section */
		4E998FA21BE3929E007646E7 /* Sources */ = {
			isa = PBXSourcesBuildPhase;
			buildActionMask = 2147483647;
			files = (
				4ECA77B71BF6562100C7F1D4 /* notMain.c in Sources */,
				4E998FAA1BE3929E007646E7 /* main.cpp in Sources */,
			);
			runOnlyForDeploymentPostprocessing = 0;
		};
/* End PBXSourcesBuildPhase section */

/* Begin XCBuildConfiguration section */
		4E998FAB1BE3929E007646E7 /* Debug */ = {
			isa = XCBuildConfiguration;
			buildSettings = {
				ALWAYS_SEARCH_USER_PATHS = NO;
				CLANG_CXX_LANGUAGE_STANDARD = "gnu++0x";
				CLANG_CXX_LIBRARY = "libc++";
				CLANG_ENABLE_MODULES = YES;
				CLANG_ENABLE_OBJC_ARC = YES;
				CLANG_WARN_BOOL_CONVERSION = YES;
				CLANG_WARN_CONSTANT_CONVERSION = YES;
				CLANG_WARN_DIRECT_OBJC_ISA_USAGE = YES_ERROR;
				CLANG_WARN_EMPTY_BODY = YES;
				CLANG_WARN_ENUM_CONVERSION = YES;
				CLANG_WARN_INT_CONVERSION = YES;
				CLANG_WARN_OBJC_ROOT_CLASS = YES_ERROR;
				CLANG_WARN_UNREACHABLE_CODE = YES;
				CLANG_WARN__DUPLICATE_METHOD_MATCH = YES;
				COPY_PHASE_STRIP = NO;
				DEBUG_INFORMATION_FORMAT = dwarf;
				ENABLE_STRICT_OBJC_MSGSEND = YES;
				ENABLE_TESTABILITY = YES;
				GCC_C_LANGUAGE_STANDARD = gnu99;
				GCC_DYNAMIC_NO_PIC = NO;
				GCC_NO_COMMON_BLOCKS = YES;
				GCC_OPTIMIZATION_LEVEL = 0;
				GCC_PREPROCESSOR_DEFINITIONS = (
					"DEBUG=1",
					"$(inherited)",
				);
				GCC_WARN_64_TO_32_BIT_CONVERSION = YES;
				GCC_WARN_ABOUT_RETURN_TYPE = YES_ERROR;
				GCC_WARN_UNDECLARED_SELECTOR = YES;
				GCC_WARN_UNINITIALIZED_AUTOS = YES_AGGRESSIVE;
				GCC_WARN_UNUSED_FUNCTION = YES;
				GCC_WARN_UNUSED_VARIABLE = YES;
				MACOSX_DEPLOYMENT_TARGET = 10.11;
				MTL_ENABLE_DEBUG_INFO = YES;
				ONLY_ACTIVE_ARCH = YES;
				SDKROOT = macosx;
			};
			name = Debug;
		};
		4E998FAC1BE3929E007646E7 /* Release */ = {
			isa = XCBuildConfiguration;
			buildSettings = {
				ALWAYS_SEARCH_USER_PATHS = NO;
				CLANG_CXX_LANGUAGE_STANDARD = "gnu++0x";
				CLANG_CXX_LIBRARY = "libc++";
				CLANG_ENABLE_MODULES = YES;
				CLANG_ENABLE_OBJC_ARC = YES;
				CLANG_WARN_BOOL_CONVERSION = YES;
				CLANG_WARN_CONSTANT_CONVERSION = YES;
				CLANG_WARN_DIRECT_OBJC_ISA_USAGE = YES_ERROR;
				CLANG_WARN_EMPTY_BODY = YES;
				CLANG_WARN_ENUM_CONVERSION = YES;
				CLANG_WARN_INT_CONVERSION = YES;
				CLANG_WARN_OBJC_ROOT_CLASS = YES_ERROR;
				CLANG_WARN_UNREACHABLE_CODE = YES;
				CLANG_WARN__DUPLICATE_METHOD_MATCH = YES;
				COPY_PHASE_STRIP = NO;
				DEBUG_INFORMATION_FORMAT = "dwarf-with-dsym";
				ENABLE_NS_ASSERTIONS = NO;
				ENABLE_STRICT_OBJC_MSGSEND = YES;
				GCC_C_LANGUAGE_STANDARD = gnu99;
				GCC_NO_COMMON_BLOCKS = YES;
				GCC_WARN_64_TO_32_BIT_CONVERSION = YES;
				GCC_WARN_ABOUT_RETURN_TYPE = YES_ERROR;
				GCC_WARN_UNDECLARED_SELECTOR = YES;
				GCC_WARN_UNINITIALIZED_AUTOS = YES_AGGRESSIVE;
				GCC_WARN_UNUSED_FUNCTION = YES;
				GCC_WARN_UNUSED_VARIABLE = YES;
				MACOSX_DEPLOYMENT_TARGET = 10.11;
				MTL_ENABLE_DEBUG_INFO = NO;
				SDKROOT = macosx;
			};
			name = Release;
		};
		4E998FAE1BE3929E007646E7 /* Debug */ = {
			isa = XCBuildConfiguration;
			buildSettings = {
				PRODUCT_NAME = "$(TARGET_NAME)";
			};
			name = Debug;
		};
		4E998FAF1BE3929E007646E7 /* Release */ = {
			isa = XCBuildConfiguration;
			buildSettings = {
				PRODUCT_NAME = "$(TARGET_NAME)";
			};
			name = Release;
		};
/* End XCBuildConfiguration section */

/* Begin XCConfigurationList section */
		4E998FA11BE3929E007646E7 /* Build configuration list for PBXProject "courseworkFour" */ = {
			isa = XCConfigurationList;
			buildConfigurations = (
				4E998FAB1BE3929E007646E7 /* Debug */,
				4E998FAC1BE3929E007646E7 /* Release */,
			);
			defaultConfigurationIsVisible = 0;
			defaultConfigurationName = Release;
		};
		4E998FAD1BE3929E007646E7 /* Build configuration list for PBXNativeTarget "courseworkFour" */ = {
			isa = XCConfigurationList;
			buildConfigurations = (
				4E998FAE1BE3929E007646E7 /* Debug */,
				4E998FAF1BE3929E007646E7 /* Release */,
			);
			defaultConfigurationIsVisible = 0;
			defaultConfigurationName = Release;
		};
/* End XCConfigurationList section */
	};
	rootObject = 4E998F9E1BE3929E007646E7 /* Project object */;
}
