// !$*UTF8*$!
{
	archiveVersion = 1;
	classes = {
	};
	objectVersion = 46;
	objects = {

/* Begin PBXBuildFile section */
		4EDEAC0C1C3F35BA00E203F5 /* ASCII.c in Sources */ = {isa = PBXBuildFile; fileRef = 4EDEAC0A1C3F35BA00E203F5 /* ASCII.c */; };
		4EFF77CD1C1F4E7E006778C2 /* main.c in Sources */ = {isa = PBXBuildFile; fileRef = 4EFF77CC1C1F4E7E006778C2 /* main.c */; };
/* End PBXBuildFile section */

/* Begin PBXCopyFilesBuildPhase section */
		4EFF77C71C1F4E7E006778C2 /* CopyFiles */ = {
			isa = PBXCopyFilesBuildPhase;
			buildActionMask = 2147483647;
			dstPath = /usr/share/man/man1/;
			dstSubfolderSpec = 0;
			files = (
			);
			runOnlyForDeploymentPostprocessing = 1;
		};
/* End PBXCopyFilesBuildPhase section */

/* Begin PBXFileReference section */
		4EDEAC0A1C3F35BA00E203F5 /* ASCII.c */ = {isa = PBXFileReference; fileEncoding = 4; lastKnownFileType = sourcecode.c.c; path = ASCII.c; sourceTree = "<group>"; };
		4EDEAC0B1C3F35BA00E203F5 /* ASCII.h */ = {isa = PBXFileReference; fileEncoding = 4; lastKnownFileType = sourcecode.c.h; path = ASCII.h; sourceTree = "<group>"; };
		4EFF77C91C1F4E7E006778C2 /* equations */ = {isa = PBXFileReference; explicitFileType = "compiled.mach-o.executable"; includeInIndex = 0; path = equations; sourceTree = BUILT_PRODUCTS_DIR; };
		4EFF77CC1C1F4E7E006778C2 /* main.c */ = {isa = PBXFileReference; lastKnownFileType = sourcecode.c.c; path = main.c; sourceTree = "<group>"; };
/* End PBXFileReference section */

/* Begin PBXFrameworksBuildPhase section */
		4EFF77C61C1F4E7E006778C2 /* Frameworks */ = {
			isa = PBXFrameworksBuildPhase;
			buildActionMask = 2147483647;
			files = (
			);
			runOnlyForDeploymentPostprocessing = 0;
		};
/* End PBXFrameworksBuildPhase section */

/* Begin PBXGroup section */
		4EFF77C01C1F4E7E006778C2 = {
			isa = PBXGroup;
			children = (
				4EFF77CB1C1F4E7E006778C2 /* equations */,
				4EFF77CA1C1F4E7E006778C2 /* Products */,
			);
			sourceTree = "<group>";
		};
		4EFF77CA1C1F4E7E006778C2 /* Products */ = {
			isa = PBXGroup;
			children = (
				4EFF77C91C1F4E7E006778C2 /* equations */,
			);
			name = Products;
			sourceTree = "<group>";
		};
		4EFF77CB1C1F4E7E006778C2 /* equations */ = {
			isa = PBXGroup;
			children = (
				4EFF77CC1C1F4E7E006778C2 /* main.c */,
				4EDEAC0A1C3F35BA00E203F5 /* ASCII.c */,
				4EDEAC0B1C3F35BA00E203F5 /* ASCII.h */,
			);
			path = equations;
			sourceTree = "<group>";
		};
/* End PBXGroup section */

/* Begin PBXNativeTarget section */
		4EFF77C81C1F4E7E006778C2 /* equations */ = {
			isa = PBXNativeTarget;
			buildConfigurationList = 4EFF77D01C1F4E7E006778C2 /* Build configuration list for PBXNativeTarget "equations" */;
			buildPhases = (
				4EFF77C51C1F4E7E006778C2 /* Sources */,
				4EFF77C61C1F4E7E006778C2 /* Frameworks */,
				4EFF77C71C1F4E7E006778C2 /* CopyFiles */,
			);
			buildRules = (
			);
			dependencies = (
			);
			name = equations;
			productName = equations;
			productReference = 4EFF77C91C1F4E7E006778C2 /* equations */;
			productType = "com.apple.product-type.tool";
		};
/* End PBXNativeTarget section */

/* Begin PBXProject section */
		4EFF77C11C1F4E7E006778C2 /* Project object */ = {
			isa = PBXProject;
			attributes = {
				LastUpgradeCheck = 0720;
				ORGANIZATIONNAME = "Liu Empire";
				TargetAttributes = {
					4EFF77C81C1F4E7E006778C2 = {
						CreatedOnToolsVersion = 7.2;
					};
				};
			};
			buildConfigurationList = 4EFF77C41C1F4E7E006778C2 /* Build configuration list for PBXProject "equations" */;
			compatibilityVersion = "Xcode 3.2";
			developmentRegion = English;
			hasScannedForEncodings = 0;
			knownRegions = (
				en,
			);
			mainGroup = 4EFF77C01C1F4E7E006778C2;
			productRefGroup = 4EFF77CA1C1F4E7E006778C2 /* Products */;
			projectDirPath = "";
			projectRoot = "";
			targets = (
				4EFF77C81C1F4E7E006778C2 /* equations */,
			);
		};
/* End PBXProject section */

/* Begin PBXSourcesBuildPhase section */
		4EFF77C51C1F4E7E006778C2 /* Sources */ = {
			isa = PBXSourcesBuildPhase;
			buildActionMask = 2147483647;
			files = (
				4EFF77CD1C1F4E7E006778C2 /* main.c in Sources */,
				4EDEAC0C1C3F35BA00E203F5 /* ASCII.c in Sources */,
			);
			runOnlyForDeploymentPostprocessing = 0;
		};
/* End PBXSourcesBuildPhase section */

/* Begin XCBuildConfiguration section */
		4EFF77CE1C1F4E7E006778C2 /* Debug */ = {
			isa = XCBuildConfiguration;
			buildSettings = {
				ALWAYS_SEARCH_USER_PATHS = NO;
				CLANG_CXX_LANGUAGE_STANDARD = "gnu++0x";
				CLANG_CXX_LIBRARY = "libc++";
				CLANG_ENABLE_MODULES = YES;
				CLANG_ENABLE_OBJC_ARC = YES;
				CLANG_WARN_BOOL_CONVERSION = YES;
				CLANG_WARN_CONSTANT_CONVERSION = YES;
				CLANG_WARN_DIRECT_OBJC_ISA_USAGE = YES_ERROR;
				CLANG_WARN_EMPTY_BODY = YES;
				CLANG_WARN_ENUM_CONVERSION = YES;
				CLANG_WARN_INT_CONVERSION = YES;
				CLANG_WARN_OBJC_ROOT_CLASS = YES_ERROR;
				CLANG_WARN_UNREACHABLE_CODE = YES;
				CLANG_WARN__DUPLICATE_METHOD_MATCH = YES;
				CODE_SIGN_IDENTITY = "-";
				COPY_PHASE_STRIP = NO;
				DEBUG_INFORMATION_FORMAT = dwarf;
				ENABLE_STRICT_OBJC_MSGSEND = YES;
				ENABLE_TESTABILITY = YES;
				GCC_C_LANGUAGE_STANDARD = gnu99;
				GCC_DYNAMIC_NO_PIC = NO;
				GCC_NO_COMMON_BLOCKS = YES;
				GCC_OPTIMIZATION_LEVEL = 0;
				GCC_PREPROCESSOR_DEFINITIONS = (
					"DEBUG=1",
					"$(inherited)",
				);
				GCC_WARN_64_TO_32_BIT_CONVERSION = YES;
				GCC_WARN_ABOUT_RETURN_TYPE = YES_ERROR;
				GCC_WARN_UNDECLARED_SELECTOR = YES;
				GCC_WARN_UNINITIALIZED_AUTOS = YES_AGGRESSIVE;
				GCC_WARN_UNUSED_FUNCTION = YES;
				GCC_WARN_UNUSED_VARIABLE = YES;
				MACOSX_DEPLOYMENT_TARGET = 10.11;
				MTL_ENABLE_DEBUG_INFO = YES;
				ONLY_ACTIVE_ARCH = YES;
				SDKROOT = macosx;
			};
			name = Debug;
		};
		4EFF77CF1C1F4E7E006778C2 /* Release */ = {
			isa = XCBuildConfiguration;
			buildSettings = {
				ALWAYS_SEARCH_USER_PATHS = NO;
				CLANG_CXX_LANGUAGE_STANDARD = "gnu++0x";
				CLANG_CXX_LIBRARY = "libc++";
				CLANG_ENABLE_MODULES = YES;
				CLANG_ENABLE_OBJC_ARC = YES;
				CLANG_WARN_BOOL_CONVERSION = YES;
				CLANG_WARN_CONSTANT_CONVERSION = YES;
				CLANG_WARN_DIRECT_OBJC_ISA_USAGE = YES_ERROR;
				CLANG_WARN_EMPTY_BODY = YES;
				CLANG_WARN_ENUM_CONVERSION = YES;
				CLANG_WARN_INT_CONVERSION = YES;
				CLANG_WARN_OBJC_ROOT_CLASS = YES_ERROR;
				CLANG_WARN_UNREACHABLE_CODE = YES;
				CLANG_WARN__DUPLICATE_METHOD_MATCH = YES;
				CODE_SIGN_IDENTITY = "-";
				COPY_PHASE_STRIP = NO;
				DEBUG_INFORMATION_FORMAT = "dwarf-with-dsym";
				ENABLE_NS_ASSERTIONS = NO;
				ENABLE_STRICT_OBJC_MSGSEND = YES;
				GCC_C_LANGUAGE_STANDARD = gnu99;
				GCC_NO_COMMON_BLOCKS = YES;
				GCC_WARN_64_TO_32_BIT_CONVERSION = YES;
				GCC_WARN_ABOUT_RETURN_TYPE = YES_ERROR;
				GCC_WARN_UNDECLARED_SELECTOR = YES;
				GCC_WARN_UNINITIALIZED_AUTOS = YES_AGGRESSIVE;
				GCC_WARN_UNUSED_FUNCTION = YES;
				GCC_WARN_UNUSED_VARIABLE = YES;
				MACOSX_DEPLOYMENT_TARGET = 10.11;
				MTL_ENABLE_DEBUG_INFO = NO;
				SDKROOT = macosx;
			};
			name = Release;
		};
		4EFF77D11C1F4E7E006778C2 /* Debug */ = {
			isa = XCBuildConfiguration;
			buildSettings = {
				PRODUCT_NAME = "$(TARGET_NAME)";
			};
			name = Debug;
		};
		4EFF77D21C1F4E7E006778C2 /* Release */ = {
			isa = XCBuildConfiguration;
			buildSettings = {
				PRODUCT_NAME = "$(TARGET_NAME)";
			};
			name = Release;
		};
/* End XCBuildConfiguration section */

/* Begin XCConfigurationList section */
		4EFF77C41C1F4E7E006778C2 /* Build configuration list for PBXProject "equations" */ = {
			isa = XCConfigurationList;
			buildConfigurations = (
				4EFF77CE1C1F4E7E006778C2 /* Debug */,
				4EFF77CF1C1F4E7E006778C2 /* Release */,
			);
			defaultConfigurationIsVisible = 0;
			defaultConfigurationName = Release;
		};
		4EFF77D01C1F4E7E006778C2 /* Build configuration list for PBXNativeTarget "equations" */ = {
			isa = XCConfigurationList;
			buildConfigurations = (
				4EFF77D11C1F4E7E006778C2 /* Debug */,
				4EFF77D21C1F4E7E006778C2 /* Release */,
			);
			defaultConfigurationIsVisible = 0;
			defaultConfigurationName = Release;
		};
/* End XCConfigurationList section */
	};
	rootObject = 4EFF77C11C1F4E7E006778C2 /* Project object */;
}
